{
  "name": "fargate-application-load-balanced-service",
  "version": "1.0.0",
  "lockfileVersion": 1,
  "requires": true,
  "dependencies": {
    "@aws-cdk/assets": {
      "version": "1.64.0",
      "resolved": "https://registry.npmjs.org/@aws-cdk/assets/-/assets-1.64.0.tgz",
      "integrity": "sha512-+eAchcAcgNdsmzg1tXQzSH1yNTma+dPpf/xxua8qjzzhGyw7blrcY+avqRuEPAIchnAen46aktrcrboX6vX0Fw==",
      "requires": {
        "@aws-cdk/core": "1.64.0",
        "@aws-cdk/cx-api": "1.64.0",
        "constructs": "^3.0.4"
      }
    },
    "@aws-cdk/aws-apigateway": {
      "version": "1.64.0",
      "resolved": "https://registry.npmjs.org/@aws-cdk/aws-apigateway/-/aws-apigateway-1.64.0.tgz",
      "integrity": "sha512-3nvPFwf2zXLL5ZMzDfTnGNlXe2qzyyAbxZZsht41/h5Ngzi/HW6HiqWNaTX7oasoJGr3kICBvug2yW2NjWnzGg==",
      "requires": {
        "@aws-cdk/assets": "1.64.0",
        "@aws-cdk/aws-certificatemanager": "1.64.0",
        "@aws-cdk/aws-ec2": "1.64.0",
        "@aws-cdk/aws-elasticloadbalancingv2": "1.64.0",
        "@aws-cdk/aws-iam": "1.64.0",
        "@aws-cdk/aws-lambda": "1.64.0",
        "@aws-cdk/aws-logs": "1.64.0",
        "@aws-cdk/aws-s3": "1.64.0",
        "@aws-cdk/aws-s3-assets": "1.64.0",
        "@aws-cdk/core": "1.64.0",
        "@aws-cdk/cx-api": "1.64.0",
        "constructs": "^3.0.4"
      }
    },
    "@aws-cdk/aws-applicationautoscaling": {
      "version": "1.64.0",
      "resolved": "https://registry.npmjs.org/@aws-cdk/aws-applicationautoscaling/-/aws-applicationautoscaling-1.64.0.tgz",
      "integrity": "sha512-uzH8CZFl8EcpKkO3lG31yNMOJCF7Kd80nm88q6jLeH+F2cJQxnPI8uZVOPDJcI2zeM7xdvqFb6l638aCnW/pYQ==",
      "requires": {
        "@aws-cdk/aws-autoscaling-common": "1.64.0",
        "@aws-cdk/aws-cloudwatch": "1.64.0",
        "@aws-cdk/aws-iam": "1.64.0",
        "@aws-cdk/core": "1.64.0",
        "constructs": "^3.0.4"
      }
    },
    "@aws-cdk/aws-autoscaling": {
      "version": "1.64.0",
      "resolved": "https://registry.npmjs.org/@aws-cdk/aws-autoscaling/-/aws-autoscaling-1.64.0.tgz",
      "integrity": "sha512-Z2rSJQQskycFMn1NvGgceowI3ucmdv1NN0DXuOXMrC2XK8NUOCHZD0+9x+LplFHFX9h6dwwmAYHU7CgR0lVEjg==",
      "requires": {
        "@aws-cdk/aws-autoscaling-common": "1.64.0",
        "@aws-cdk/aws-cloudwatch": "1.64.0",
        "@aws-cdk/aws-ec2": "1.64.0",
        "@aws-cdk/aws-elasticloadbalancing": "1.64.0",
        "@aws-cdk/aws-elasticloadbalancingv2": "1.64.0",
        "@aws-cdk/aws-iam": "1.64.0",
        "@aws-cdk/aws-sns": "1.64.0",
        "@aws-cdk/core": "1.64.0",
        "constructs": "^3.0.4"
      }
    },
    "@aws-cdk/aws-autoscaling-common": {
      "version": "1.64.0",
      "resolved": "https://registry.npmjs.org/@aws-cdk/aws-autoscaling-common/-/aws-autoscaling-common-1.64.0.tgz",
      "integrity": "sha512-TcT/kEQlIdscmoOfj1hcPm6tTEdF6h2FjaxyQFBAregLaMQYxw6SyGDSMVz5pl0QiuPL8A+6UzwEC9WJYE2ODQ==",
      "requires": {
        "@aws-cdk/aws-iam": "1.64.0",
        "@aws-cdk/core": "1.64.0",
        "constructs": "^3.0.4"
      }
    },
    "@aws-cdk/aws-autoscaling-hooktargets": {
      "version": "1.64.0",
      "resolved": "https://registry.npmjs.org/@aws-cdk/aws-autoscaling-hooktargets/-/aws-autoscaling-hooktargets-1.64.0.tgz",
      "integrity": "sha512-X0JlkFGeQKW3k6/lLRC6Sk2xythUBynaawCHkClcmXZlx8beeUNUyGmV5nmZFf9Pqj3xLryw9x6yVgrGafnBXw==",
      "requires": {
        "@aws-cdk/aws-autoscaling": "1.64.0",
        "@aws-cdk/aws-iam": "1.64.0",
        "@aws-cdk/aws-kms": "1.64.0",
        "@aws-cdk/aws-lambda": "1.64.0",
        "@aws-cdk/aws-sns": "1.64.0",
        "@aws-cdk/aws-sns-subscriptions": "1.64.0",
        "@aws-cdk/aws-sqs": "1.64.0",
        "@aws-cdk/core": "1.64.0",
        "constructs": "^3.0.4"
      }
    },
    "@aws-cdk/aws-batch": {
      "version": "1.64.0",
      "resolved": "https://registry.npmjs.org/@aws-cdk/aws-batch/-/aws-batch-1.64.0.tgz",
      "integrity": "sha512-0RtaIiGY331s/0/fUhH35KjhpNzgSoiCNEuXxZGEiw3TTDMNoKmicZOcFF1SIzYyqf2myp3M9LpCxIA6y0v8Tw==",
      "requires": {
        "@aws-cdk/aws-ec2": "1.64.0",
        "@aws-cdk/aws-ecr": "1.64.0",
        "@aws-cdk/aws-ecs": "1.64.0",
        "@aws-cdk/aws-iam": "1.64.0",
        "@aws-cdk/core": "1.64.0",
        "constructs": "^3.0.4"
      }
    },
    "@aws-cdk/aws-certificatemanager": {
      "version": "1.64.0",
      "resolved": "https://registry.npmjs.org/@aws-cdk/aws-certificatemanager/-/aws-certificatemanager-1.64.0.tgz",
      "integrity": "sha512-Lgbnh70b4Csl78fy3YgcF1RO9h2hM7VKs41dSfFwz4x5C9uk5QZ/CutnoSfb7Hpz02tcXcFqGpukRod1Wv7z0A==",
      "requires": {
        "@aws-cdk/aws-iam": "1.64.0",
        "@aws-cdk/aws-lambda": "1.64.0",
        "@aws-cdk/aws-route53": "1.64.0",
        "@aws-cdk/core": "1.64.0",
        "constructs": "^3.0.4"
      }
    },
    "@aws-cdk/aws-cloudformation": {
      "version": "1.64.0",
      "resolved": "https://registry.npmjs.org/@aws-cdk/aws-cloudformation/-/aws-cloudformation-1.64.0.tgz",
      "integrity": "sha512-EX/6rGpmJsRfoN3QQehxBUZQ/prtkUY/NImX0gzVCo0g0fDUnGAyV2XfgoqdbtTwzvOZoXNDC6BhuDG904PMRg==",
      "requires": {
        "@aws-cdk/aws-iam": "1.64.0",
        "@aws-cdk/aws-lambda": "1.64.0",
        "@aws-cdk/aws-s3": "1.64.0",
        "@aws-cdk/aws-sns": "1.64.0",
        "@aws-cdk/core": "1.64.0",
        "@aws-cdk/cx-api": "1.64.0",
        "constructs": "^3.0.4"
      }
    },
    "@aws-cdk/aws-cloudfront": {
      "version": "1.64.0",
      "resolved": "https://registry.npmjs.org/@aws-cdk/aws-cloudfront/-/aws-cloudfront-1.64.0.tgz",
      "integrity": "sha512-uDH180j19xuaeKAI1piW/FbnSq4XFlSaiQCBU5fHbu3fnfQ9MtTgoixOi+q5dWSqLeTqywC8FtJ58uwVAWPsbQ==",
      "requires": {
        "@aws-cdk/aws-certificatemanager": "1.64.0",
        "@aws-cdk/aws-iam": "1.64.0",
        "@aws-cdk/aws-kms": "1.64.0",
        "@aws-cdk/aws-lambda": "1.64.0",
        "@aws-cdk/aws-s3": "1.64.0",
        "@aws-cdk/core": "1.64.0",
        "constructs": "^3.0.4"
      }
    },
    "@aws-cdk/aws-cloudwatch": {
      "version": "1.64.0",
      "resolved": "https://registry.npmjs.org/@aws-cdk/aws-cloudwatch/-/aws-cloudwatch-1.64.0.tgz",
      "integrity": "sha512-LSoPfVWDq5EfwWwmRe6+2XGrhqlfLqaZOht4lT8U87/KnGZ0GK16o4i16hUw3nMUkybDYCK94z1eIZrGv/gh+A==",
      "requires": {
        "@aws-cdk/aws-iam": "1.64.0",
        "@aws-cdk/core": "1.64.0",
        "constructs": "^3.0.4"
      }
    },
    "@aws-cdk/aws-codebuild": {
      "version": "1.64.0",
      "resolved": "https://registry.npmjs.org/@aws-cdk/aws-codebuild/-/aws-codebuild-1.64.0.tgz",
      "integrity": "sha512-VQUEOTB85H4FVrl1OFVwQop7sj5W9rD0IhI7ynJnMz016jVrOsLmk4LVBQ7KzEx/BLaaM3V0pZmySWZx3Sj4Cw==",
      "requires": {
        "@aws-cdk/assets": "1.64.0",
        "@aws-cdk/aws-cloudwatch": "1.64.0",
        "@aws-cdk/aws-codecommit": "1.64.0",
        "@aws-cdk/aws-ec2": "1.64.0",
        "@aws-cdk/aws-ecr": "1.64.0",
        "@aws-cdk/aws-ecr-assets": "1.64.0",
        "@aws-cdk/aws-events": "1.64.0",
        "@aws-cdk/aws-iam": "1.64.0",
        "@aws-cdk/aws-kms": "1.64.0",
        "@aws-cdk/aws-s3": "1.64.0",
        "@aws-cdk/aws-s3-assets": "1.64.0",
        "@aws-cdk/aws-secretsmanager": "1.64.0",
        "@aws-cdk/core": "1.64.0",
        "@aws-cdk/region-info": "1.64.0",
        "constructs": "^3.0.4"
      }
    },
    "@aws-cdk/aws-codecommit": {
      "version": "1.64.0",
      "resolved": "https://registry.npmjs.org/@aws-cdk/aws-codecommit/-/aws-codecommit-1.64.0.tgz",
      "integrity": "sha512-VH9FEni0G621V07pJuOIeRT6htVslGF34JzZx1fmHm60ZbiuG1y54nRpyjNrTGN+J9vm9KJs7sdEhyOi6d9k2Q==",
      "requires": {
        "@aws-cdk/aws-events": "1.64.0",
        "@aws-cdk/aws-iam": "1.64.0",
        "@aws-cdk/core": "1.64.0",
        "constructs": "^3.0.4"
      }
    },
    "@aws-cdk/aws-codeguruprofiler": {
      "version": "1.64.0",
      "resolved": "https://registry.npmjs.org/@aws-cdk/aws-codeguruprofiler/-/aws-codeguruprofiler-1.64.0.tgz",
      "integrity": "sha512-oIKfsbcGW8chJOI5kQJPt9+sbhdkGmhfITMHQOHgx1wdgPIfubY0KVc3S/57UgW8a6Dmfpw3cXWCc4cLIeVHDA==",
      "requires": {
        "@aws-cdk/aws-iam": "1.64.0",
        "@aws-cdk/core": "1.64.0"
      }
    },
    "@aws-cdk/aws-codepipeline": {
      "version": "1.64.0",
      "resolved": "https://registry.npmjs.org/@aws-cdk/aws-codepipeline/-/aws-codepipeline-1.64.0.tgz",
      "integrity": "sha512-XxJW86Nv2ku0HDiA/fDs2iBL3qgXKaVz7SHICcuVps7HwdHX9olAk+GZoMVnys8dv3Ora91GPt7BNTKUBf3O+A==",
      "requires": {
        "@aws-cdk/aws-events": "1.64.0",
        "@aws-cdk/aws-iam": "1.64.0",
        "@aws-cdk/aws-kms": "1.64.0",
        "@aws-cdk/aws-s3": "1.64.0",
        "@aws-cdk/core": "1.64.0",
        "constructs": "^3.0.4"
      }
    },
    "@aws-cdk/aws-cognito": {
      "version": "1.64.0",
      "resolved": "https://registry.npmjs.org/@aws-cdk/aws-cognito/-/aws-cognito-1.64.0.tgz",
      "integrity": "sha512-ESbESYKaS72omRegvKmZB2XMzwE6poK1lYp5Nvxd3RfKtvpCxuJbco/VKc4PR/BiNQRpb2TheZiPPm5qZ6IUNg==",
      "requires": {
        "@aws-cdk/aws-certificatemanager": "1.64.0",
        "@aws-cdk/aws-iam": "1.64.0",
        "@aws-cdk/aws-lambda": "1.64.0",
        "@aws-cdk/core": "1.64.0",
        "@aws-cdk/custom-resources": "1.64.0",
        "constructs": "^3.0.4"
      }
    },
    "@aws-cdk/aws-ec2": {
      "version": "1.64.0",
      "resolved": "https://registry.npmjs.org/@aws-cdk/aws-ec2/-/aws-ec2-1.64.0.tgz",
      "integrity": "sha512-HdSnP7ZnXH7l1YGuGNSKhtJvptp4BrhWZA9/OEc1src1Y+0c66ScL2ezVUbxqc9IAgYqOnu+AocVPPi/Jp5RCQ==",
      "requires": {
        "@aws-cdk/aws-cloudwatch": "1.64.0",
        "@aws-cdk/aws-iam": "1.64.0",
        "@aws-cdk/aws-kms": "1.64.0",
        "@aws-cdk/aws-logs": "1.64.0",
        "@aws-cdk/aws-s3": "1.64.0",
        "@aws-cdk/aws-s3-assets": "1.64.0",
        "@aws-cdk/aws-ssm": "1.64.0",
        "@aws-cdk/cloud-assembly-schema": "1.64.0",
        "@aws-cdk/core": "1.64.0",
        "@aws-cdk/cx-api": "1.64.0",
        "@aws-cdk/region-info": "1.64.0",
        "constructs": "^3.0.4"
      }
    },
    "@aws-cdk/aws-ecr": {
      "version": "1.64.0",
      "resolved": "https://registry.npmjs.org/@aws-cdk/aws-ecr/-/aws-ecr-1.64.0.tgz",
      "integrity": "sha512-/AXB3M0VJK3D97dqhAQIWRwX50uC7ZFzrXS+uFc6f0iLD7uukgoa4bWgjmotBUhfmKXLJYm7TaLDQLQOMTbA3Q==",
      "requires": {
        "@aws-cdk/aws-events": "1.64.0",
        "@aws-cdk/aws-iam": "1.64.0",
        "@aws-cdk/core": "1.64.0",
        "@aws-cdk/custom-resources": "1.64.0",
        "constructs": "^3.0.4"
      }
    },
    "@aws-cdk/aws-ecr-assets": {
      "version": "1.64.0",
      "resolved": "https://registry.npmjs.org/@aws-cdk/aws-ecr-assets/-/aws-ecr-assets-1.64.0.tgz",
      "integrity": "sha512-b9ZYZWeCP22PWaVsULAMtPFqkCVXIOIw5HwY6QoxxWWZFWfKj/Z30ZXeMJRLeh5/RM5Ik/xAO3vHa5wWPdy1Tw==",
      "requires": {
        "@aws-cdk/assets": "1.64.0",
        "@aws-cdk/aws-ecr": "1.64.0",
        "@aws-cdk/aws-iam": "1.64.0",
        "@aws-cdk/aws-lambda": "1.64.0",
        "@aws-cdk/aws-s3": "1.64.0",
        "@aws-cdk/core": "1.64.0",
        "@aws-cdk/cx-api": "1.64.0",
        "constructs": "^3.0.4",
        "minimatch": "^3.0.4"
      },
      "dependencies": {
        "balanced-match": {
          "version": "1.0.0",
          "bundled": true
        },
        "brace-expansion": {
          "version": "1.1.11",
          "bundled": true,
          "requires": {
            "balanced-match": "^1.0.0",
            "concat-map": "0.0.1"
          }
        },
        "concat-map": {
          "version": "0.0.1",
          "bundled": true
        },
        "minimatch": {
          "version": "3.0.4",
          "bundled": true,
          "requires": {
            "brace-expansion": "^1.1.7"
          }
        }
      }
    },
    "@aws-cdk/aws-ecs": {
      "version": "1.64.0",
      "resolved": "https://registry.npmjs.org/@aws-cdk/aws-ecs/-/aws-ecs-1.64.0.tgz",
      "integrity": "sha512-SZ60CZXX6xCJjY+fsviFoTvS+KB2vjRxEfJVzIbYh7CM7vPaCd6+HDV3inEdYRtkv0dqDR/rmdrt1rY4BsAiEQ==",
      "requires": {
        "@aws-cdk/aws-applicationautoscaling": "1.64.0",
        "@aws-cdk/aws-autoscaling": "1.64.0",
        "@aws-cdk/aws-autoscaling-hooktargets": "1.64.0",
        "@aws-cdk/aws-certificatemanager": "1.64.0",
        "@aws-cdk/aws-cloudwatch": "1.64.0",
        "@aws-cdk/aws-ec2": "1.64.0",
        "@aws-cdk/aws-ecr": "1.64.0",
        "@aws-cdk/aws-ecr-assets": "1.64.0",
        "@aws-cdk/aws-elasticloadbalancing": "1.64.0",
        "@aws-cdk/aws-elasticloadbalancingv2": "1.64.0",
        "@aws-cdk/aws-iam": "1.64.0",
        "@aws-cdk/aws-kms": "1.64.0",
        "@aws-cdk/aws-lambda": "1.64.0",
        "@aws-cdk/aws-logs": "1.64.0",
        "@aws-cdk/aws-route53": "1.64.0",
        "@aws-cdk/aws-route53-targets": "1.64.0",
        "@aws-cdk/aws-secretsmanager": "1.64.0",
        "@aws-cdk/aws-servicediscovery": "1.64.0",
        "@aws-cdk/aws-sns": "1.64.0",
        "@aws-cdk/aws-sqs": "1.64.0",
        "@aws-cdk/aws-ssm": "1.64.0",
        "@aws-cdk/core": "1.64.0",
        "@aws-cdk/cx-api": "1.64.0",
        "constructs": "^3.0.4"
      }
    },
    "@aws-cdk/aws-ecs-patterns": {
      "version": "1.64.0",
      "resolved": "https://registry.npmjs.org/@aws-cdk/aws-ecs-patterns/-/aws-ecs-patterns-1.64.0.tgz",
      "integrity": "sha512-w64rKTDtNfAi5BkLdbVNbSHfuKXR//Jw7HioFMEtuZ/t6+/L16uUMgV56DIxKRouBPcLNeZygiBv1ZM20fIg6A==",
      "requires": {
        "@aws-cdk/aws-applicationautoscaling": "1.64.0",
        "@aws-cdk/aws-certificatemanager": "1.64.0",
        "@aws-cdk/aws-ec2": "1.64.0",
        "@aws-cdk/aws-ecs": "1.64.0",
        "@aws-cdk/aws-elasticloadbalancingv2": "1.64.0",
        "@aws-cdk/aws-events": "1.64.0",
        "@aws-cdk/aws-events-targets": "1.64.0",
        "@aws-cdk/aws-iam": "1.64.0",
        "@aws-cdk/aws-route53": "1.64.0",
        "@aws-cdk/aws-route53-targets": "1.64.0",
        "@aws-cdk/aws-servicediscovery": "1.64.0",
        "@aws-cdk/aws-sqs": "1.64.0",
        "@aws-cdk/core": "1.64.0",
        "constructs": "^3.0.4"
      }
    },
    "@aws-cdk/aws-efs": {
      "version": "1.64.0",
      "resolved": "https://registry.npmjs.org/@aws-cdk/aws-efs/-/aws-efs-1.64.0.tgz",
      "integrity": "sha512-kF6uQgG0Zkb/ZFwio49JOOlufwc7TYSTnXu2649U2DyVDLjj9xGuiDdqgK3FPf79MrU0tXy+gVwc5dyOCGcZBA==",
      "requires": {
        "@aws-cdk/aws-ec2": "1.64.0",
        "@aws-cdk/aws-kms": "1.64.0",
        "@aws-cdk/cloud-assembly-schema": "1.64.0",
        "@aws-cdk/core": "1.64.0",
        "@aws-cdk/cx-api": "1.64.0",
        "constructs": "^3.0.4"
      }
    },
    "@aws-cdk/aws-elasticloadbalancing": {
      "version": "1.64.0",
      "resolved": "https://registry.npmjs.org/@aws-cdk/aws-elasticloadbalancing/-/aws-elasticloadbalancing-1.64.0.tgz",
      "integrity": "sha512-rtG7PQlHDHFClRqJJuXGjZBrVEO31i6ykZa8rBgESdUjbbmUcfqWqjPBmMqg3WZArCcBqkEdOkBkdKVzgb1vyQ==",
      "requires": {
        "@aws-cdk/aws-ec2": "1.64.0",
        "@aws-cdk/core": "1.64.0",
        "constructs": "^3.0.4"
      }
    },
    "@aws-cdk/aws-elasticloadbalancingv2": {
      "version": "1.64.0",
      "resolved": "https://registry.npmjs.org/@aws-cdk/aws-elasticloadbalancingv2/-/aws-elasticloadbalancingv2-1.64.0.tgz",
      "integrity": "sha512-i1VVBRHcUqqBZkTvLLoKyL54FyJQo+xB0og9xO9MZETNPp1bs26gTVCBRTvT2xtfc+DR/gq/vQilwNCDRuAsGw==",
      "requires": {
        "@aws-cdk/aws-certificatemanager": "1.64.0",
        "@aws-cdk/aws-cloudwatch": "1.64.0",
        "@aws-cdk/aws-ec2": "1.64.0",
        "@aws-cdk/aws-iam": "1.64.0",
        "@aws-cdk/aws-lambda": "1.64.0",
        "@aws-cdk/aws-s3": "1.64.0",
        "@aws-cdk/core": "1.64.0",
        "@aws-cdk/region-info": "1.64.0",
        "constructs": "^3.0.4"
      }
    },
    "@aws-cdk/aws-events": {
      "version": "1.64.0",
      "resolved": "https://registry.npmjs.org/@aws-cdk/aws-events/-/aws-events-1.64.0.tgz",
      "integrity": "sha512-iEoma/X6rPs50Lett6sMWSWz37H31ZxQ9nxon8jPY/K9oBwcxORfNxQ3bnpXgtlDrMxI7dyF1afb91LtL2zifw==",
      "requires": {
        "@aws-cdk/aws-iam": "1.64.0",
        "@aws-cdk/core": "1.64.0",
        "constructs": "^3.0.4"
      }
    },
    "@aws-cdk/aws-events-targets": {
      "version": "1.64.0",
      "resolved": "https://registry.npmjs.org/@aws-cdk/aws-events-targets/-/aws-events-targets-1.64.0.tgz",
      "integrity": "sha512-21Mz8RmBi9f5KilvpOjV/6AG7ERixFQntcPhz+FEkDC0dxSvy4zPW+fQQliQ9dOc8kc15AnafhzAZrkN6mlybg==",
      "requires": {
        "@aws-cdk/aws-batch": "1.64.0",
        "@aws-cdk/aws-codebuild": "1.64.0",
        "@aws-cdk/aws-codepipeline": "1.64.0",
        "@aws-cdk/aws-ec2": "1.64.0",
        "@aws-cdk/aws-ecs": "1.64.0",
        "@aws-cdk/aws-events": "1.64.0",
        "@aws-cdk/aws-iam": "1.64.0",
        "@aws-cdk/aws-kinesis": "1.64.0",
        "@aws-cdk/aws-lambda": "1.64.0",
        "@aws-cdk/aws-sns": "1.64.0",
        "@aws-cdk/aws-sns-subscriptions": "1.64.0",
        "@aws-cdk/aws-sqs": "1.64.0",
        "@aws-cdk/aws-stepfunctions": "1.64.0",
        "@aws-cdk/core": "1.64.0",
        "constructs": "^3.0.4"
      }
    },
    "@aws-cdk/aws-iam": {
      "version": "1.64.0",
      "resolved": "https://registry.npmjs.org/@aws-cdk/aws-iam/-/aws-iam-1.64.0.tgz",
      "integrity": "sha512-3z1MREVm5AKeqBbBNsRSWv/bDGnWACN0Sd2KBuYwDSNxW8gOEK9fdgFHvkjJkN2THBOrN0JqyjFZ8QZ0Y8VspQ==",
      "requires": {
        "@aws-cdk/core": "1.64.0",
        "@aws-cdk/region-info": "1.64.0",
        "constructs": "^3.0.4"
      }
    },
    "@aws-cdk/aws-kinesis": {
      "version": "1.64.0",
      "resolved": "https://registry.npmjs.org/@aws-cdk/aws-kinesis/-/aws-kinesis-1.64.0.tgz",
      "integrity": "sha512-obOd2IoD02xP0/tJdUpgvSx+AUQXsbWq2DVsZp4rG6MqDzZ9zJPJsq0aXGEfmjV/c4gBYKNCwWkUmaMJJKQh7g==",
      "requires": {
        "@aws-cdk/aws-iam": "1.64.0",
        "@aws-cdk/aws-kms": "1.64.0",
        "@aws-cdk/aws-logs": "1.64.0",
        "@aws-cdk/core": "1.64.0",
        "constructs": "^3.0.4"
      }
    },
    "@aws-cdk/aws-kms": {
      "version": "1.64.0",
      "resolved": "https://registry.npmjs.org/@aws-cdk/aws-kms/-/aws-kms-1.64.0.tgz",
      "integrity": "sha512-8lc2eNZ12j86UxnQbKoEdcKOyp0AsFhysVGa0hdTbeEF+IEzKmruCtFDVdbVXhSy3TM6M6wzKworCH4VfQqBjw==",
      "requires": {
        "@aws-cdk/aws-iam": "1.64.0",
        "@aws-cdk/core": "1.64.0",
        "constructs": "^3.0.4"
      }
    },
    "@aws-cdk/aws-lambda": {
      "version": "1.64.0",
      "resolved": "https://registry.npmjs.org/@aws-cdk/aws-lambda/-/aws-lambda-1.64.0.tgz",
      "integrity": "sha512-qqNxKjlCWPX9lcX7lW67YKArHKvifTZhHAjVHiFRI4S0Cflw693g0tzjHawFfhKtZGNpwDkWdNRuDjnJY55WSQ==",
      "requires": {
        "@aws-cdk/aws-applicationautoscaling": "1.64.0",
        "@aws-cdk/aws-cloudwatch": "1.64.0",
        "@aws-cdk/aws-codeguruprofiler": "1.64.0",
        "@aws-cdk/aws-ec2": "1.64.0",
        "@aws-cdk/aws-efs": "1.64.0",
        "@aws-cdk/aws-events": "1.64.0",
        "@aws-cdk/aws-iam": "1.64.0",
        "@aws-cdk/aws-logs": "1.64.0",
        "@aws-cdk/aws-s3": "1.64.0",
        "@aws-cdk/aws-s3-assets": "1.64.0",
        "@aws-cdk/aws-sqs": "1.64.0",
        "@aws-cdk/core": "1.64.0",
        "@aws-cdk/cx-api": "1.64.0",
        "constructs": "^3.0.4"
      }
    },
    "@aws-cdk/aws-logs": {
      "version": "1.64.0",
      "resolved": "https://registry.npmjs.org/@aws-cdk/aws-logs/-/aws-logs-1.64.0.tgz",
      "integrity": "sha512-+zTR6lcl9ohzPZYtr0iOxOl+ABM8XL5+5BtWoZuJU4j4J62qUWBpWHwP7YY4IJ35EP7vn9KFBD+e95W7rr1HgQ==",
      "requires": {
        "@aws-cdk/aws-cloudwatch": "1.64.0",
        "@aws-cdk/aws-iam": "1.64.0",
        "@aws-cdk/aws-s3-assets": "1.64.0",
        "@aws-cdk/core": "1.64.0",
        "constructs": "^3.0.4"
      }
    },
    "@aws-cdk/aws-route53": {
      "version": "1.64.0",
      "resolved": "https://registry.npmjs.org/@aws-cdk/aws-route53/-/aws-route53-1.64.0.tgz",
      "integrity": "sha512-UrpDmnt7oMUICf4QdWxAc7InHe+dfWOTmYZqZCaSgu8MpeQzxVlhxv1vK7zztIstfF4gVjCxpxVMs1NGKbP7qQ==",
      "requires": {
        "@aws-cdk/aws-ec2": "1.64.0",
        "@aws-cdk/aws-logs": "1.64.0",
        "@aws-cdk/cloud-assembly-schema": "1.64.0",
        "@aws-cdk/core": "1.64.0",
        "constructs": "^3.0.4"
      }
    },
    "@aws-cdk/aws-route53-targets": {
      "version": "1.64.0",
      "resolved": "https://registry.npmjs.org/@aws-cdk/aws-route53-targets/-/aws-route53-targets-1.64.0.tgz",
      "integrity": "sha512-+c8Zg4OpEFIW5C0nvbMViJNJLptaeQ3v3YuAijRk5yw8MxGtyWBut3lkrHF9DE2xzlWFYTc1tAH2dP9Sr9xTDw==",
      "requires": {
        "@aws-cdk/aws-apigateway": "1.64.0",
        "@aws-cdk/aws-cloudfront": "1.64.0",
        "@aws-cdk/aws-cognito": "1.64.0",
        "@aws-cdk/aws-ec2": "1.64.0",
        "@aws-cdk/aws-elasticloadbalancing": "1.64.0",
        "@aws-cdk/aws-elasticloadbalancingv2": "1.64.0",
        "@aws-cdk/aws-iam": "1.64.0",
        "@aws-cdk/aws-route53": "1.64.0",
        "@aws-cdk/aws-s3": "1.64.0",
        "@aws-cdk/core": "1.64.0",
        "@aws-cdk/region-info": "1.64.0",
        "constructs": "^3.0.4"
      }
    },
    "@aws-cdk/aws-s3": {
      "version": "1.64.0",
      "resolved": "https://registry.npmjs.org/@aws-cdk/aws-s3/-/aws-s3-1.64.0.tgz",
      "integrity": "sha512-7d51KStuXSYNGPuKeV22eSORoCo2CfRWMLpQEJd98HpzOFCa7xCDqAe5AgmhfVtETFf5LwCw8V8sxf0XDrGB/g==",
      "requires": {
        "@aws-cdk/aws-events": "1.64.0",
        "@aws-cdk/aws-iam": "1.64.0",
        "@aws-cdk/aws-kms": "1.64.0",
        "@aws-cdk/core": "1.64.0",
        "constructs": "^3.0.4"
      }
    },
    "@aws-cdk/aws-s3-assets": {
      "version": "1.64.0",
      "resolved": "https://registry.npmjs.org/@aws-cdk/aws-s3-assets/-/aws-s3-assets-1.64.0.tgz",
      "integrity": "sha512-7uF++aq70e95vbG1rZocNF4nJrR78FNHePc2zroHEwH6CmMDAQCMGI64n88UurDxvpqN/qRbis1kgepK6QGJng==",
      "requires": {
        "@aws-cdk/assets": "1.64.0",
        "@aws-cdk/aws-iam": "1.64.0",
        "@aws-cdk/aws-kms": "1.64.0",
        "@aws-cdk/aws-s3": "1.64.0",
        "@aws-cdk/core": "1.64.0",
        "@aws-cdk/cx-api": "1.64.0",
        "constructs": "^3.0.4"
      }
    },
    "@aws-cdk/aws-sam": {
      "version": "1.64.0",
      "resolved": "https://registry.npmjs.org/@aws-cdk/aws-sam/-/aws-sam-1.64.0.tgz",
      "integrity": "sha512-xUHXV38E+fCixSA9TTN1HLqqKjEm4/OwnvCCzU0LJTOzWbkwDL2wdxvtkCBEXm9aKMde8vhzMhtKC3RSqRwQvw==",
      "requires": {
        "@aws-cdk/core": "1.64.0",
        "constructs": "^3.0.4"
      }
    },
    "@aws-cdk/aws-secretsmanager": {
      "version": "1.64.0",
      "resolved": "https://registry.npmjs.org/@aws-cdk/aws-secretsmanager/-/aws-secretsmanager-1.64.0.tgz",
      "integrity": "sha512-uBS6+N3IpdYx+tUh9rOLfSzmch/DqKF6+l5CDkC+tnkFT8zzIrXkERQXwIbph+efQX+K+GipK6RYojKc+nZ/sw==",
      "requires": {
        "@aws-cdk/aws-ec2": "1.64.0",
        "@aws-cdk/aws-iam": "1.64.0",
        "@aws-cdk/aws-kms": "1.64.0",
        "@aws-cdk/aws-lambda": "1.64.0",
        "@aws-cdk/aws-sam": "1.64.0",
        "@aws-cdk/core": "1.64.0",
        "constructs": "^3.0.4"
      }
    },
    "@aws-cdk/aws-servicediscovery": {
      "version": "1.64.0",
      "resolved": "https://registry.npmjs.org/@aws-cdk/aws-servicediscovery/-/aws-servicediscovery-1.64.0.tgz",
      "integrity": "sha512-8KOBZE4plnP+IkEF7Gx7T144Xd/x7OnTTs0iPiUykINYFHICjYBtRjET4MFd7Se7egBXbR+vzyR2Hl9m9tZD3g==",
      "requires": {
        "@aws-cdk/aws-ec2": "1.64.0",
        "@aws-cdk/aws-elasticloadbalancingv2": "1.64.0",
        "@aws-cdk/aws-route53": "1.64.0",
        "@aws-cdk/core": "1.64.0",
        "constructs": "^3.0.4"
      }
    },
    "@aws-cdk/aws-sns": {
      "version": "1.64.0",
      "resolved": "https://registry.npmjs.org/@aws-cdk/aws-sns/-/aws-sns-1.64.0.tgz",
      "integrity": "sha512-97Fnq27kJTPEaSYzXwIiFOS5dbE3BEL5sN8HVLQtl55TUVHF99R/PIaNd7XWGbzynH1FSdNp1USNP1ZNSDNbgw==",
      "requires": {
        "@aws-cdk/aws-cloudwatch": "1.64.0",
        "@aws-cdk/aws-events": "1.64.0",
        "@aws-cdk/aws-iam": "1.64.0",
        "@aws-cdk/aws-kms": "1.64.0",
        "@aws-cdk/aws-sqs": "1.64.0",
        "@aws-cdk/core": "1.64.0",
        "constructs": "^3.0.4"
      }
    },
    "@aws-cdk/aws-sns-subscriptions": {
      "version": "1.64.0",
      "resolved": "https://registry.npmjs.org/@aws-cdk/aws-sns-subscriptions/-/aws-sns-subscriptions-1.64.0.tgz",
      "integrity": "sha512-3ePNKaYnoccJybdPl1YGEME/iDGeNt4Y6FdfZB8KGKrqUCSCV/V9yQ2MSIRf9FliCPVRVfPyP1dyqdLatqoddA==",
      "requires": {
        "@aws-cdk/aws-iam": "1.64.0",
        "@aws-cdk/aws-lambda": "1.64.0",
        "@aws-cdk/aws-sns": "1.64.0",
        "@aws-cdk/aws-sqs": "1.64.0",
        "@aws-cdk/core": "1.64.0",
        "constructs": "^3.0.4"
      }
    },
    "@aws-cdk/aws-sqs": {
      "version": "1.64.0",
      "resolved": "https://registry.npmjs.org/@aws-cdk/aws-sqs/-/aws-sqs-1.64.0.tgz",
      "integrity": "sha512-h97uD32WJII1JnkUflTr3CHkdk2ZxQDtgGKzsWrC4Nbi8TCMeaMU5XW7tJmRlrRU/X8q3OQkbxQ6X1j8XDLcYA==",
      "requires": {
        "@aws-cdk/aws-cloudwatch": "1.64.0",
        "@aws-cdk/aws-iam": "1.64.0",
        "@aws-cdk/aws-kms": "1.64.0",
        "@aws-cdk/core": "1.64.0",
        "constructs": "^3.0.4"
      }
    },
    "@aws-cdk/aws-ssm": {
      "version": "1.64.0",
      "resolved": "https://registry.npmjs.org/@aws-cdk/aws-ssm/-/aws-ssm-1.64.0.tgz",
      "integrity": "sha512-gj7Xl9oCQQu8WoIJ8rsvmhaXqIKGY82XM5X4iiMe5rPiEvjFdFa9+uhvpi27mVg0TQwP/Uy7PL2qPlva2SzF9g==",
      "requires": {
        "@aws-cdk/aws-iam": "1.64.0",
        "@aws-cdk/aws-kms": "1.64.0",
        "@aws-cdk/cloud-assembly-schema": "1.64.0",
        "@aws-cdk/core": "1.64.0",
        "constructs": "^3.0.4"
      }
    },
    "@aws-cdk/aws-stepfunctions": {
      "version": "1.64.0",
      "resolved": "https://registry.npmjs.org/@aws-cdk/aws-stepfunctions/-/aws-stepfunctions-1.64.0.tgz",
      "integrity": "sha512-2A/5MwM1/osqD+pgjdjSN6U1m6zc33G3Sp2pwdNmqvqxBSYDnE2HmkXtmRKzFOQmNSvyA+S2WMDXv69TgOcKQA==",
      "requires": {
        "@aws-cdk/aws-cloudwatch": "1.64.0",
        "@aws-cdk/aws-events": "1.64.0",
        "@aws-cdk/aws-iam": "1.64.0",
        "@aws-cdk/aws-logs": "1.64.0",
        "@aws-cdk/core": "1.64.0",
        "constructs": "^3.0.4"
      }
    },
    "@aws-cdk/cloud-assembly-schema": {
      "version": "1.64.0",
      "resolved": "https://registry.npmjs.org/@aws-cdk/cloud-assembly-schema/-/cloud-assembly-schema-1.64.0.tgz",
      "integrity": "sha512-bmbQ9cLWb2WKDei3IMa/KeLpm0O+m5/gdzJObT9OAuZ75+EGtNhsZEFFkSqHyJtyq5ZNC0mTzQi/RHxzUw5l1g==",
      "requires": {
        "jsonschema": "^1.2.6",
        "semver": "^7.3.2"
      },
      "dependencies": {
        "jsonschema": {
          "version": "1.2.6",
          "bundled": true
        },
        "semver": {
          "version": "7.3.2",
          "bundled": true
        }
      }
    },
    "@aws-cdk/core": {
      "version": "1.64.0",
      "resolved": "https://registry.npmjs.org/@aws-cdk/core/-/core-1.64.0.tgz",
      "integrity": "sha512-3OHBLXfG8SuLgW4DpVhKrXupBlOBaoZjhooa/V7I/sVocUu9RJ/GllCRYCt+2ox5//s8RpWc15IEcCCP942MYg==",
      "requires": {
        "@aws-cdk/cloud-assembly-schema": "1.64.0",
        "@aws-cdk/cx-api": "1.64.0",
        "constructs": "^3.0.4",
        "fs-extra": "^9.0.1",
        "minimatch": "^3.0.4"
      },
      "dependencies": {
        "at-least-node": {
          "version": "1.0.0",
          "bundled": true
        },
        "balanced-match": {
          "version": "1.0.0",
          "bundled": true
        },
        "brace-expansion": {
          "version": "1.1.11",
          "bundled": true,
          "requires": {
            "balanced-match": "^1.0.0",
            "concat-map": "0.0.1"
          }
        },
        "concat-map": {
          "version": "0.0.1",
          "bundled": true
        },
        "fs-extra": {
          "version": "9.0.1",
          "bundled": true,
          "requires": {
            "at-least-node": "^1.0.0",
            "graceful-fs": "^4.2.0",
            "jsonfile": "^6.0.1",
            "universalify": "^1.0.0"
          }
        },
        "graceful-fs": {
          "version": "4.2.4",
          "bundled": true
        },
        "jsonfile": {
          "version": "6.0.1",
          "bundled": true,
          "requires": {
            "graceful-fs": "^4.1.6",
            "universalify": "^1.0.0"
          }
        },
        "minimatch": {
          "version": "3.0.4",
          "bundled": true,
          "requires": {
            "brace-expansion": "^1.1.7"
          }
        },
        "universalify": {
          "version": "1.0.0",
          "bundled": true
        }
      }
    },
    "@aws-cdk/custom-resources": {
      "version": "1.64.0",
      "resolved": "https://registry.npmjs.org/@aws-cdk/custom-resources/-/custom-resources-1.64.0.tgz",
      "integrity": "sha512-80sNJVEyDf5RTgh238pjcjTxpKYobFNPAiitH0/2OJdIluacrDC0ifJMFyjOwjbOFlnnIKAdHTT+U1pJYpshqQ==",
      "requires": {
        "@aws-cdk/aws-cloudformation": "1.64.0",
        "@aws-cdk/aws-iam": "1.64.0",
        "@aws-cdk/aws-lambda": "1.64.0",
        "@aws-cdk/aws-logs": "1.64.0",
        "@aws-cdk/aws-sns": "1.64.0",
        "@aws-cdk/core": "1.64.0",
        "constructs": "^3.0.4"
      }
    },
    "@aws-cdk/cx-api": {
      "version": "1.64.0",
      "resolved": "https://registry.npmjs.org/@aws-cdk/cx-api/-/cx-api-1.64.0.tgz",
      "integrity": "sha512-PpSpmmD3TReO7BU41cnnTRHthzSqu660Selde+mGaXyyrRZzS7hwv7NZqY/WlXmiAALDv1lLvhHpnuOeoHF24w==",
      "requires": {
        "@aws-cdk/cloud-assembly-schema": "1.64.0",
        "semver": "^7.3.2"
      },
      "dependencies": {
        "semver": {
          "version": "7.3.2",
          "bundled": true
        }
      }
    },
    "@aws-cdk/region-info": {
      "version": "1.64.0",
      "resolved": "https://registry.npmjs.org/@aws-cdk/region-info/-/region-info-1.64.0.tgz",
      "integrity": "sha512-iyjcRl16NeefjWH5KqJ7/R+FZhIFKeyNW76oVy9thdXkxbhXoTEqDcEqTDfZQLzZW2sdBFjpszQXlCNhJ9vXFw=="
    },
    "@types/node": {
      "version": "8.10.64",
      "resolved": "https://registry.npmjs.org/@types/node/-/node-8.10.64.tgz",
      "integrity": "sha512-/EwBIb+imu8Qi/A3NF9sJ9iuKo7yV+pryqjmeRqaU0C4wBAOhas5mdvoYeJ5PCKrh6thRSJHdoasFqh3BQGILA==",
      "dev": true
    },
    "constructs": {
      "version": "3.0.4",
      "resolved": "https://registry.npmjs.org/constructs/-/constructs-3.0.4.tgz",
      "integrity": "sha512-CDvg7gMjphE3DFX4pzkF6j73NREbR8npPFW8Mx/CLRnMR035+Y1o1HrXIsNSss/dq3ZUnNTU9jKyd3fL9EOlfw=="
    },
    "typescript": {
      "version": "3.7.5",
      "resolved": "https://registry.npmjs.org/typescript/-/typescript-3.7.5.tgz",
      "integrity": "sha512-/P5lkRXkWHNAbcJIiHPfRoKqyd7bsyCma1hZNUGfn20qm64T6ZBlrzprymeu918H+mB/0rIg2gGK/BXkhhYgBw==",
      "dev": true
    }
  }
}
